
Microsoft Visual Studio Solution File, Format Version 12.00
# Visual Studio Version 16
VisualStudioVersion = 16.0.30523.141
MinimumVisualStudioVersion = 10.0.40219.1
Project("{8BC9CEB8-8B4A-11D0-8D11-00A0C91BC942}") = "OSG_Test", "Examples\OSG_Test\OSG_Test.vcxproj", "{BF4429DE-5ECC-4D5B-A7C7-17AC5D40C659}"
	ProjectSection(ProjectDependencies) = postProject
		{FC5C6EE0-B80C-44D8-A9C4-1B44A48FCDBC} = {FC5C6EE0-B80C-44D8-A9C4-1B44A48FCDBC}
	EndProjectSection
EndProject
Project("{8BC9CEB8-8B4A-11D0-8D11-00A0C91BC942}") = "PathFinding_DLL", "PathFinding_DLL\PathFinding_DLL.vcxproj", "{FC5C6EE0-B80C-44D8-A9C4-1B44A48FCDBC}"
EndProject
Global
	GlobalSection(SolutionConfigurationPlatforms) = preSolution
		Debug|x64 = Debug|x64
		Debug|x86 = Debug|x86
		Release|x64 = Release|x64
		Release|x86 = Release|x86
	EndGlobalSection
	GlobalSection(ProjectConfigurationPlatforms) = postSolution
		{BF4429DE-5ECC-4D5B-A7C7-17AC5D40C659}.Debug|x64.ActiveCfg = Debug|x64
		{BF4429DE-5ECC-4D5B-A7C7-17AC5D40C659}.Debug|x64.Build.0 = Debug|x64
		{BF4429DE-5ECC-4D5B-A7C7-17AC5D40C659}.Debug|x86.ActiveCfg = Debug|Win32
		{BF4429DE-5ECC-4D5B-A7C7-17AC5D40C659}.Debug|x86.Build.0 = Debug|Win32
		{BF4429DE-5ECC-4D5B-A7C7-17AC5D40C659}.Release|x64.ActiveCfg = Release|x64
		{BF4429DE-5ECC-4D5B-A7C7-17AC5D40C659}.Release|x64.Build.0 = Release|x64
		{BF4429DE-5ECC-4D5B-A7C7-17AC5D40C659}.Release|x86.ActiveCfg = Release|Win32
		{BF4429DE-5ECC-4D5B-A7C7-17AC5D40C659}.Release|x86.Build.0 = Release|Win32
		{FC5C6EE0-B80C-44D8-A9C4-1B44A48FCDBC}.Debug|x64.ActiveCfg = Debug|x64
		{FC5C6EE0-B80C-44D8-A9C4-1B44A48FCDBC}.Debug|x64.Build.0 = Debug|x64
		{FC5C6EE0-B80C-44D8-A9C4-1B44A48FCDBC}.Debug|x86.ActiveCfg = Debug|Win32
		{FC5C6EE0-B80C-44D8-A9C4-1B44A48FCDBC}.Debug|x86.Build.0 = Debug|Win32
		{FC5C6EE0-B80C-44D8-A9C4-1B44A48FCDBC}.Release|x64.ActiveCfg = Release|x64
		{FC5C6EE0-B80C-44D8-A9C4-1B44A48FCDBC}.Release|x64.Build.0 = Release|x64
		{FC5C6EE0-B80C-44D8-A9C4-1B44A48FCDBC}.Release|x86.ActiveCfg = Release|Win32
		{FC5C6EE0-B80C-44D8-A9C4-1B44A48FCDBC}.Release|x86.Build.0 = Release|Win32
	EndGlobalSection
	GlobalSection(SolutionProperties) = preSolution
		HideSolutionNode = FALSE
	EndGlobalSection
	GlobalSection(ExtensibilityGlobals) = postSolution
		SolutionGuid = {AF2FB187-BF5E-4A16-8FC1-6843053FF7C5}
	EndGlobalSection
EndGlobal
